
Microsoft Visual Studio Solution File, Format Version 12.00
# Visual Studio Version 16
VisualStudioVersion = 16.0.31112.23
MinimumVisualStudioVersion = 10.0.40219.1
Project("{FAE04EC0-301F-11D3-BF4B-00C04F79EFBC}") = "LambdaAssign", "LambdaAssign\LambdaAssign.csproj", "{1DA93801-7A3C-4F5F-8B4E-857203E48969}"
EndProject
Global
	GlobalSection(SolutionConfigurationPlatforms) = preSolution
		Debug|Any CPU = Debug|Any CPU
		Release|Any CPU = Release|Any CPU
	EndGlobalSection
	GlobalSection(ProjectConfigurationPlatforms) = postSolution
		{1DA93801-7A3C-4F5F-8B4E-857203E48969}.Debug|Any CPU.ActiveCfg = Debug|Any CPU
		{1DA93801-7A3C-4F5F-8B4E-857203E48969}.Debug|Any CPU.Build.0 = Debug|Any CPU
		{1DA93801-7A3C-4F5F-8B4E-857203E48969}.Release|Any CPU.ActiveCfg = Release|Any CPU
		{1DA93801-7A3C-4F5F-8B4E-857203E48969}.Release|Any CPU.Build.0 = Release|Any CPU
	EndGlobalSection
	GlobalSection(SolutionProperties) = preSolution
		HideSolutionNode = FALSE
	EndGlobalSection
	GlobalSection(ExtensibilityGlobals) = postSolution
		SolutionGuid = {802258D1-FE48-45F1-A81D-DA3A23F8E4B0}
	EndGlobalSection
EndGlobal
