
Microsoft Visual Studio Solution File, Format Version 12.00
# Visual Studio Version 16
VisualStudioVersion = 16.0.31112.23
MinimumVisualStudioVersion = 10.0.40219.1
Project("{FAE04EC0-301F-11D3-BF4B-00C04F79EFBC}") = "InheritanceAssign", "InheritanceAssign\InheritanceAssign.csproj", "{BB72B4C9-C509-4BED-AFAA-353F4D847F57}"
EndProject
Global
	GlobalSection(SolutionConfigurationPlatforms) = preSolution
		Debug|Any CPU = Debug|Any CPU
		Release|Any CPU = Release|Any CPU
	EndGlobalSection
	GlobalSection(ProjectConfigurationPlatforms) = postSolution
		{BB72B4C9-C509-4BED-AFAA-353F4D847F57}.Debug|Any CPU.ActiveCfg = Debug|Any CPU
		{BB72B4C9-C509-4BED-AFAA-353F4D847F57}.Debug|Any CPU.Build.0 = Debug|Any CPU
		{BB72B4C9-C509-4BED-AFAA-353F4D847F57}.Release|Any CPU.ActiveCfg = Release|Any CPU
		{BB72B4C9-C509-4BED-AFAA-353F4D847F57}.Release|Any CPU.Build.0 = Release|Any CPU
	EndGlobalSection
	GlobalSection(SolutionProperties) = preSolution
		HideSolutionNode = FALSE
	EndGlobalSection
	GlobalSection(ExtensibilityGlobals) = postSolution
		SolutionGuid = {B38A71DF-B61C-494C-81CD-0ED18445328F}
	EndGlobalSection
EndGlobal
