
Microsoft Visual Studio Solution File, Format Version 12.00
# Visual Studio Version 16
VisualStudioVersion = 16.0.31112.23
MinimumVisualStudioVersion = 10.0.40219.1
Project("{FAE04EC0-301F-11D3-BF4B-00C04F79EFBC}") = "IncomeComparison", "IncomeComparison\IncomeComparison.csproj", "{7E3F7C05-4895-4196-B14E-3F6502A1878E}"
EndProject
Global
	GlobalSection(SolutionConfigurationPlatforms) = preSolution
		Debug|Any CPU = Debug|Any CPU
		Release|Any CPU = Release|Any CPU
	EndGlobalSection
	GlobalSection(ProjectConfigurationPlatforms) = postSolution
		{7E3F7C05-4895-4196-B14E-3F6502A1878E}.Debug|Any CPU.ActiveCfg = Debug|Any CPU
		{7E3F7C05-4895-4196-B14E-3F6502A1878E}.Debug|Any CPU.Build.0 = Debug|Any CPU
		{7E3F7C05-4895-4196-B14E-3F6502A1878E}.Release|Any CPU.ActiveCfg = Release|Any CPU
		{7E3F7C05-4895-4196-B14E-3F6502A1878E}.Release|Any CPU.Build.0 = Release|Any CPU
	EndGlobalSection
	GlobalSection(SolutionProperties) = preSolution
		HideSolutionNode = FALSE
	EndGlobalSection
	GlobalSection(ExtensibilityGlobals) = postSolution
		SolutionGuid = {C0874E46-03CE-4AAE-BB6B-2C439C30803B}
	EndGlobalSection
EndGlobal
