
Microsoft Visual Studio Solution File, Format Version 12.00
# Visual Studio Version 16
VisualStudioVersion = 16.0.31112.23
MinimumVisualStudioVersion = 10.0.40219.1
Project("{FAE04EC0-301F-11D3-BF4B-00C04F79EFBC}") = "ExceptionAssignment", "ExceptionAssignment\ExceptionAssignment.csproj", "{8F18DA04-8327-44A5-BD91-9DA33EEC71D0}"
EndProject
Global
	GlobalSection(SolutionConfigurationPlatforms) = preSolution
		Debug|Any CPU = Debug|Any CPU
		Release|Any CPU = Release|Any CPU
	EndGlobalSection
	GlobalSection(ProjectConfigurationPlatforms) = postSolution
		{8F18DA04-8327-44A5-BD91-9DA33EEC71D0}.Debug|Any CPU.ActiveCfg = Debug|Any CPU
		{8F18DA04-8327-44A5-BD91-9DA33EEC71D0}.Debug|Any CPU.Build.0 = Debug|Any CPU
		{8F18DA04-8327-44A5-BD91-9DA33EEC71D0}.Release|Any CPU.ActiveCfg = Release|Any CPU
		{8F18DA04-8327-44A5-BD91-9DA33EEC71D0}.Release|Any CPU.Build.0 = Release|Any CPU
	EndGlobalSection
	GlobalSection(SolutionProperties) = preSolution
		HideSolutionNode = FALSE
	EndGlobalSection
	GlobalSection(ExtensibilityGlobals) = postSolution
		SolutionGuid = {6D4D37DF-4DBD-4E32-A076-A7FAF1C3EA5A}
	EndGlobalSection
EndGlobal
