
Microsoft Visual Studio Solution File, Format Version 12.00
# Visual Studio Version 16
VisualStudioVersion = 16.0.31112.23
MinimumVisualStudioVersion = 10.0.40219.1
Project("{FAE04EC0-301F-11D3-BF4B-00C04F79EFBC}") = "StringAssign", "StringAssign\StringAssign.csproj", "{BB16A30E-DE4C-4649-9C81-B02A5316B67D}"
EndProject
Global
	GlobalSection(SolutionConfigurationPlatforms) = preSolution
		Debug|Any CPU = Debug|Any CPU
		Release|Any CPU = Release|Any CPU
	EndGlobalSection
	GlobalSection(ProjectConfigurationPlatforms) = postSolution
		{BB16A30E-DE4C-4649-9C81-B02A5316B67D}.Debug|Any CPU.ActiveCfg = Debug|Any CPU
		{BB16A30E-DE4C-4649-9C81-B02A5316B67D}.Debug|Any CPU.Build.0 = Debug|Any CPU
		{BB16A30E-DE4C-4649-9C81-B02A5316B67D}.Release|Any CPU.ActiveCfg = Release|Any CPU
		{BB16A30E-DE4C-4649-9C81-B02A5316B67D}.Release|Any CPU.Build.0 = Release|Any CPU
	EndGlobalSection
	GlobalSection(SolutionProperties) = preSolution
		HideSolutionNode = FALSE
	EndGlobalSection
	GlobalSection(ExtensibilityGlobals) = postSolution
		SolutionGuid = {96E2096D-24BE-4DEC-8FD8-70BE0BC29C17}
	EndGlobalSection
EndGlobal
